// !$*UTF8*$!
{
	archiveVersion = 1;
	classes = {
	};
	objectVersion = 46;
	objects = {

/* Begin PBXBuildFile section */
		9ECBFE6B1DE16DF400F22474 /* AppDelegate.swift in Sources */ = {isa = PBXBuildFile; fileRef = 9ECBFE6A1DE16DF400F22474 /* AppDelegate.swift */; };
		9ECBFE701DE16DF400F22474 /* Main.storyboard in Resources */ = {isa = PBXBuildFile; fileRef = 9ECBFE6E1DE16DF400F22474 /* Main.storyboard */; };
		9ECBFE721DE16DF400F22474 /* Assets.xcassets in Resources */ = {isa = PBXBuildFile; fileRef = 9ECBFE711DE16DF400F22474 /* Assets.xcassets */; };
		9ECBFE751DE16DF400F22474 /* LaunchScreen.storyboard in Resources */ = {isa = PBXBuildFile; fileRef = 9ECBFE731DE16DF400F22474 /* LaunchScreen.storyboard */; };
		9ECBFE841DE16F0F00F22474 /* APIRequestManager.swift in Sources */ = {isa = PBXBuildFile; fileRef = 9ECBFE801DE16F0F00F22474 /* APIRequestManager.swift */; };
		9ECBFE8D1DE16F9300F22474 /* TopStory.swift in Sources */ = {isa = PBXBuildFile; fileRef = 9ECBFE8C1DE16F9300F22474 /* TopStory.swift */; };
		9ECBFE8F1DE1799100F22474 /* NYTViewController.swift in Sources */ = {isa = PBXBuildFile; fileRef = 9ECBFE8E1DE1799100F22474 /* NYTViewController.swift */; };
		9ECBFE931DE17FEE00F22474 /* NYTTableViewCell.swift in Sources */ = {isa = PBXBuildFile; fileRef = 9ECBFE921DE17FEE00F22474 /* NYTTableViewCell.swift */; };
/* End PBXBuildFile section */

/* Begin PBXFileReference section */
		9ECBFE671DE16DF400F22474 /* AC3.2-NYTTopStories.app */ = {isa = PBXFileReference; explicitFileType = wrapper.application; includeInIndex = 0; path = "AC3.2-NYTTopStories.app"; sourceTree = BUILT_PRODUCTS_DIR; };
		9ECBFE6A1DE16DF400F22474 /* AppDelegate.swift */ = {isa = PBXFileReference; lastKnownFileType = sourcecode.swift; path = AppDelegate.swift; sourceTree = "<group>"; };
		9ECBFE6F1DE16DF400F22474 /* Base */ = {isa = PBXFileReference; lastKnownFileType = file.storyboard; name = Base; path = Base.lproj/Main.storyboard; sourceTree = "<group>"; };
		9ECBFE711DE16DF400F22474 /* Assets.xcassets */ = {isa = PBXFileReference; lastKnownFileType = folder.assetcatalog; path = Assets.xcassets; sourceTree = "<group>"; };
		9ECBFE741DE16DF400F22474 /* Base */ = {isa = PBXFileReference; lastKnownFileType = file.storyboard; name = Base; path = Base.lproj/LaunchScreen.storyboard; sourceTree = "<group>"; };
		9ECBFE761DE16DF400F22474 /* Info.plist */ = {isa = PBXFileReference; lastKnownFileType = text.plist.xml; path = Info.plist; sourceTree = "<group>"; };
		9ECBFE801DE16F0F00F22474 /* APIRequestManager.swift */ = {isa = PBXFileReference; fileEncoding = 4; lastKnownFileType = sourcecode.swift; path = APIRequestManager.swift; sourceTree = "<group>"; };
		9ECBFE8C1DE16F9300F22474 /* TopStory.swift */ = {isa = PBXFileReference; fileEncoding = 4; lastKnownFileType = sourcecode.swift; path = TopStory.swift; sourceTree = "<group>"; };
		9ECBFE8E1DE1799100F22474 /* NYTViewController.swift */ = {isa = PBXFileReference; fileEncoding = 4; lastKnownFileType = sourcecode.swift; path = NYTViewController.swift; sourceTree = "<group>"; };
		9ECBFE921DE17FEE00F22474 /* NYTTableViewCell.swift */ = {isa = PBXFileReference; fileEncoding = 4; lastKnownFileType = sourcecode.swift; path = NYTTableViewCell.swift; sourceTree = "<group>"; };
/* End PBXFileReference section */

/* Begin PBXFrameworksBuildPhase section */
		9ECBFE641DE16DEF00F22474 /* Frameworks */ = {
			isa = PBXFrameworksBuildPhase;
			buildActionMask = 2147483647;
			files = (
			);
			runOnlyForDeploymentPostprocessing = 0;
		};
/* End PBXFrameworksBuildPhase section */

/* Begin PBXGroup section */
		9ECBFE5E1DE16DEF00F22474 = {
			isa = PBXGroup;
			children = (
				9ECBFE691DE16DF400F22474 /* AC3.2-NYTTopStories */,
				9ECBFE681DE16DF400F22474 /* Products */,
			);
			sourceTree = "<group>";
		};
		9ECBFE681DE16DF400F22474 /* Products */ = {
			isa = PBXGroup;
			children = (
				9ECBFE671DE16DF400F22474 /* AC3.2-NYTTopStories.app */,
			);
			name = Products;
			sourceTree = "<group>";
		};
		9ECBFE691DE16DF400F22474 /* AC3.2-NYTTopStories */ = {
			isa = PBXGroup;
			children = (
				9ECBFE8A1DE16F3D00F22474 /* Managers */,
				9ECBFE881DE16F2400F22474 /* Models */,
				9ECBFE7C1DE16E2A00F22474 /* Supporting Files */,
				9ECBFE7F1DE16E6C00F22474 /* View Controllers */,
			);
			path = "AC3.2-NYTTopStories";
			sourceTree = "<group>";
		};
		9ECBFE7C1DE16E2A00F22474 /* Supporting Files */ = {
			isa = PBXGroup;
			children = (
				9ECBFE6A1DE16DF400F22474 /* AppDelegate.swift */,
				9ECBFE6E1DE16DF400F22474 /* Main.storyboard */,
				9ECBFE711DE16DF400F22474 /* Assets.xcassets */,
				9ECBFE731DE16DF400F22474 /* LaunchScreen.storyboard */,
				9ECBFE761DE16DF400F22474 /* Info.plist */,
			);
			name = "Supporting Files";
			sourceTree = "<group>";
		};
		9ECBFE7F1DE16E6C00F22474 /* View Controllers */ = {
			isa = PBXGroup;
			children = (
				9ECBFE8E1DE1799100F22474 /* NYTViewController.swift */,
				9ECBFE921DE17FEE00F22474 /* NYTTableViewCell.swift */,
			);
			name = "View Controllers";
			sourceTree = "<group>";
		};
		9ECBFE881DE16F2400F22474 /* Models */ = {
			isa = PBXGroup;
			children = (
				9ECBFE8C1DE16F9300F22474 /* TopStory.swift */,
			);
			name = Models;
			sourceTree = "<group>";
		};
		9ECBFE8A1DE16F3D00F22474 /* Managers */ = {
			isa = PBXGroup;
			children = (
				9ECBFE801DE16F0F00F22474 /* APIRequestManager.swift */,
			);
			name = Managers;
			sourceTree = "<group>";
		};
/* End PBXGroup section */

/* Begin PBXNativeTarget section */
		9ECBFE661DE16DEF00F22474 /* AC3.2-NYTTopStories */ = {
			isa = PBXNativeTarget;
			buildConfigurationList = 9ECBFE791DE16DF400F22474 /* Build configuration list for PBXNativeTarget "AC3.2-NYTTopStories" */;
			buildPhases = (
				9ECBFE631DE16DEF00F22474 /* Sources */,
				9ECBFE641DE16DEF00F22474 /* Frameworks */,
				9ECBFE651DE16DEF00F22474 /* Resources */,
			);
			buildRules = (
			);
			dependencies = (
			);
			name = "AC3.2-NYTTopStories";
			productName = "AC3.2-NYTTopStories";
			productReference = 9ECBFE671DE16DF400F22474 /* AC3.2-NYTTopStories.app */;
			productType = "com.apple.product-type.application";
		};
/* End PBXNativeTarget section */

/* Begin PBXProject section */
		9ECBFE5F1DE16DEF00F22474 /* Project object */ = {
			isa = PBXProject;
			attributes = {
				LastSwiftUpdateCheck = 0810;
				LastUpgradeCheck = 0810;
				ORGANIZATIONNAME = "Victor Zhong";
				TargetAttributes = {
					9ECBFE661DE16DEF00F22474 = {
						CreatedOnToolsVersion = 8.1;
						ProvisioningStyle = Automatic;
					};
				};
			};
			buildConfigurationList = 9ECBFE621DE16DEF00F22474 /* Build configuration list for PBXProject "AC3.2-NYTTopStories" */;
			compatibilityVersion = "Xcode 3.2";
			developmentRegion = English;
			hasScannedForEncodings = 0;
			knownRegions = (
				en,
				Base,
			);
			mainGroup = 9ECBFE5E1DE16DEF00F22474;
			productRefGroup = 9ECBFE681DE16DF400F22474 /* Products */;
			projectDirPath = "";
			projectRoot = "";
			targets = (
				9ECBFE661DE16DEF00F22474 /* AC3.2-NYTTopStories */,
			);
		};
/* End PBXProject section */

/* Begin PBXResourcesBuildPhase section */
		9ECBFE651DE16DEF00F22474 /* Resources */ = {
			isa = PBXResourcesBuildPhase;
			buildActionMask = 2147483647;
			files = (
				9ECBFE751DE16DF400F22474 /* LaunchScreen.storyboard in Resources */,
				9ECBFE721DE16DF400F22474 /* Assets.xcassets in Resources */,
				9ECBFE701DE16DF400F22474 /* Main.storyboard in Resources */,
			);
			runOnlyForDeploymentPostprocessing = 0;
		};
/* End PBXResourcesBuildPhase section */

/* Begin PBXSourcesBuildPhase section */
		9ECBFE631DE16DEF00F22474 /* Sources */ = {
			isa = PBXSourcesBuildPhase;
			buildActionMask = 2147483647;
			files = (
				9ECBFE841DE16F0F00F22474 /* APIRequestManager.swift in Sources */,
				9ECBFE6B1DE16DF400F22474 /* AppDelegate.swift in Sources */,
				9ECBFE931DE17FEE00F22474 /* NYTTableViewCell.swift in Sources */,
				9ECBFE8D1DE16F9300F22474 /* TopStory.swift in Sources */,
				9ECBFE8F1DE1799100F22474 /* NYTViewController.swift in Sources */,
			);
			runOnlyForDeploymentPostprocessing = 0;
		};
/* End PBXSourcesBuildPhase section */

/* Begin PBXVariantGroup section */
		9ECBFE6E1DE16DF400F22474 /* Main.storyboard */ = {
			isa = PBXVariantGroup;
			children = (
				9ECBFE6F1DE16DF400F22474 /* Base */,
			);
			name = Main.storyboard;
			sourceTree = "<group>";
		};
		9ECBFE731DE16DF400F22474 /* LaunchScreen.storyboard */ = {
			isa = PBXVariantGroup;
			children = (
				9ECBFE741DE16DF400F22474 /* Base */,
			);
			name = LaunchScreen.storyboard;
			sourceTree = "<group>";
		};
/* End PBXVariantGroup section */

/* Begin XCBuildConfiguration section */
		9ECBFE771DE16DF400F22474 /* Debug */ = {
			isa = XCBuildConfiguration;
			buildSettings = {
				ALWAYS_SEARCH_USER_PATHS = NO;
				CLANG_ANALYZER_NONNULL = YES;
				CLANG_CXX_LANGUAGE_STANDARD = "gnu++0x";
				CLANG_CXX_LIBRARY = "libc++";
				CLANG_ENABLE_MODULES = YES;
				CLANG_ENABLE_OBJC_ARC = YES;
				CLANG_WARN_BOOL_CONVERSION = YES;
				CLANG_WARN_CONSTANT_CONVERSION = YES;
				CLANG_WARN_DIRECT_OBJC_ISA_USAGE = YES_ERROR;
				CLANG_WARN_DOCUMENTATION_COMMENTS = YES;
				CLANG_WARN_EMPTY_BODY = YES;
				CLANG_WARN_ENUM_CONVERSION = YES;
				CLANG_WARN_INFINITE_RECURSION = YES;
				CLANG_WARN_INT_CONVERSION = YES;
				CLANG_WARN_OBJC_ROOT_CLASS = YES_ERROR;
				CLANG_WARN_SUSPICIOUS_MOVES = YES;
				CLANG_WARN_UNREACHABLE_CODE = YES;
				CLANG_WARN__DUPLICATE_METHOD_MATCH = YES;
				"CODE_SIGN_IDENTITY[sdk=iphoneos*]" = "iPhone Developer";
				COPY_PHASE_STRIP = NO;
				DEBUG_INFORMATION_FORMAT = dwarf;
				ENABLE_STRICT_OBJC_MSGSEND = YES;
				ENABLE_TESTABILITY = YES;
				GCC_C_LANGUAGE_STANDARD = gnu99;
				GCC_DYNAMIC_NO_PIC = NO;
				GCC_NO_COMMON_BLOCKS = YES;
				GCC_OPTIMIZATION_LEVEL = 0;
				GCC_PREPROCESSOR_DEFINITIONS = (
					"DEBUG=1",
					"$(inherited)",
				);
				GCC_WARN_64_TO_32_BIT_CONVERSION = YES;
				GCC_WARN_ABOUT_RETURN_TYPE = YES_ERROR;
				GCC_WARN_UNDECLARED_SELECTOR = YES;
				GCC_WARN_UNINITIALIZED_AUTOS = YES_AGGRESSIVE;
				GCC_WARN_UNUSED_FUNCTION = YES;
				GCC_WARN_UNUSED_VARIABLE = YES;
				IPHONEOS_DEPLOYMENT_TARGET = 10.1;
				MTL_ENABLE_DEBUG_INFO = YES;
				ONLY_ACTIVE_ARCH = YES;
				SDKROOT = iphoneos;
				SWIFT_ACTIVE_COMPILATION_CONDITIONS = DEBUG;
				SWIFT_OPTIMIZATION_LEVEL = "-Onone";
				TARGETED_DEVICE_FAMILY = "1,2";
			};
			name = Debug;
		};
		9ECBFE781DE16DF400F22474 /* Release */ = {
			isa = XCBuildConfiguration;
			buildSettings = {
				ALWAYS_SEARCH_USER_PATHS = NO;
				CLANG_ANALYZER_NONNULL = YES;
				CLANG_CXX_LANGUAGE_STANDARD = "gnu++0x";
				CLANG_CXX_LIBRARY = "libc++";
				CLANG_ENABLE_MODULES = YES;
				CLANG_ENABLE_OBJC_ARC = YES;
				CLANG_WARN_BOOL_CONVERSION = YES;
				CLANG_WARN_CONSTANT_CONVERSION = YES;
				CLANG_WARN_DIRECT_OBJC_ISA_USAGE = YES_ERROR;
				CLANG_WARN_DOCUMENTATION_COMMENTS = YES;
				CLANG_WARN_EMPTY_BODY = YES;
				CLANG_WARN_ENUM_CONVERSION = YES;
				CLANG_WARN_INFINITE_RECURSION = YES;
				CLANG_WARN_INT_CONVERSION = YES;
				CLANG_WARN_OBJC_ROOT_CLASS = YES_ERROR;
				CLANG_WARN_SUSPICIOUS_MOVES = YES;
				CLANG_WARN_UNREACHABLE_CODE = YES;
				CLANG_WARN__DUPLICATE_METHOD_MATCH = YES;
				"CODE_SIGN_IDENTITY[sdk=iphoneos*]" = "iPhone Developer";
				COPY_PHASE_STRIP = NO;
				DEBUG_INFORMATION_FORMAT = "dwarf-with-dsym";
				ENABLE_NS_ASSERTIONS = NO;
				ENABLE_STRICT_OBJC_MSGSEND = YES;
				GCC_C_LANGUAGE_STANDARD = gnu99;
				GCC_NO_COMMON_BLOCKS = YES;
				GCC_WARN_64_TO_32_BIT_CONVERSION = YES;
				GCC_WARN_ABOUT_RETURN_TYPE = YES_ERROR;
				GCC_WARN_UNDECLARED_SELECTOR = YES;
				GCC_WARN_UNINITIALIZED_AUTOS = YES_AGGRESSIVE;
				GCC_WARN_UNUSED_FUNCTION = YES;
				GCC_WARN_UNUSED_VARIABLE = YES;
				IPHONEOS_DEPLOYMENT_TARGET = 10.1;
				MTL_ENABLE_DEBUG_INFO = NO;
				SDKROOT = iphoneos;
				SWIFT_OPTIMIZATION_LEVEL = "-Owholemodule";
				TARGETED_DEVICE_FAMILY = "1,2";
				VALIDATE_PRODUCT = YES;
			};
			name = Release;
		};
		9ECBFE7A1DE16DF400F22474 /* Debug */ = {
			isa = XCBuildConfiguration;
			buildSettings = {
				ASSETCATALOG_COMPILER_APPICON_NAME = AppIcon;
				INFOPLIST_FILE = "AC3.2-NYTTopStories/Info.plist";
				LD_RUNPATH_SEARCH_PATHS = "$(inherited) @executable_path/Frameworks";
				PRODUCT_BUNDLE_IDENTIFIER = "nyc.c4q.viczhong.AC3-2-NYTTopStories";
				PRODUCT_NAME = "$(TARGET_NAME)";
				SWIFT_VERSION = 3.0;
			};
			name = Debug;
		};
		9ECBFE7B1DE16DF400F22474 /* Release */ = {
			isa = XCBuildConfiguration;
			buildSettings = {
				ASSETCATALOG_COMPILER_APPICON_NAME = AppIcon;
				INFOPLIST_FILE = "AC3.2-NYTTopStories/Info.plist";
				LD_RUNPATH_SEARCH_PATHS = "$(inherited) @executable_path/Frameworks";
				PRODUCT_BUNDLE_IDENTIFIER = "nyc.c4q.viczhong.AC3-2-NYTTopStories";
				PRODUCT_NAME = "$(TARGET_NAME)";
				SWIFT_VERSION = 3.0;
			};
			name = Release;
		};
/* End XCBuildConfiguration section */

/* Begin XCConfigurationList section */
		9ECBFE621DE16DEF00F22474 /* Build configuration list for PBXProject "AC3.2-NYTTopStories" */ = {
			isa = XCConfigurationList;
			buildConfigurations = (
				9ECBFE771DE16DF400F22474 /* Debug */,
				9ECBFE781DE16DF400F22474 /* Release */,
			);
			defaultConfigurationIsVisible = 0;
			defaultConfigurationName = Release;
		};
		9ECBFE791DE16DF400F22474 /* Build configuration list for PBXNativeTarget "AC3.2-NYTTopStories" */ = {
			isa = XCConfigurationList;
			buildConfigurations = (
				9ECBFE7A1DE16DF400F22474 /* Debug */,
				9ECBFE7B1DE16DF400F22474 /* Release */,
			);
			defaultConfigurationIsVisible = 0;
		};
/* End XCConfigurationList section */
	};
	rootObject = 9ECBFE5F1DE16DEF00F22474 /* Project object */;
}
