// !$*UTF8*$!
{
	archiveVersion = 1;
	classes = {
	};
	objectVersion = 46;
	objects = {

/* Begin PBXBuildFile section */
		9B0964211DE150EC0070CAC6 /* TopStoryTableViewCell.swift in Sources */ = {isa = PBXBuildFile; fileRef = 9B0964201DE150EC0070CAC6 /* TopStoryTableViewCell.swift */; };
		9B0964231DE152FD0070CAC6 /* APIRequestManager.swift in Sources */ = {isa = PBXBuildFile; fileRef = 9B0964221DE152FD0070CAC6 /* APIRequestManager.swift */; };
		9B1129EB1DE11FDB00FD30D0 /* AppDelegate.swift in Sources */ = {isa = PBXBuildFile; fileRef = 9B1129EA1DE11FDB00FD30D0 /* AppDelegate.swift */; };
		9B1129F01DE11FDB00FD30D0 /* Main.storyboard in Resources */ = {isa = PBXBuildFile; fileRef = 9B1129EE1DE11FDB00FD30D0 /* Main.storyboard */; };
		9B1129F21DE11FDB00FD30D0 /* Assets.xcassets in Resources */ = {isa = PBXBuildFile; fileRef = 9B1129F11DE11FDB00FD30D0 /* Assets.xcassets */; };
		9B1129F51DE11FDB00FD30D0 /* LaunchScreen.storyboard in Resources */ = {isa = PBXBuildFile; fileRef = 9B1129F31DE11FDB00FD30D0 /* LaunchScreen.storyboard */; };
		9B1129FD1DE1201F00FD30D0 /* TopStoriesTableViewController.swift in Sources */ = {isa = PBXBuildFile; fileRef = 9B1129FC1DE1201F00FD30D0 /* TopStoriesTableViewController.swift */; };
		9B1129FF1DE1222000FD30D0 /* TopStory.swift in Sources */ = {isa = PBXBuildFile; fileRef = 9B1129FE1DE1222000FD30D0 /* TopStory.swift */; };
/* End PBXBuildFile section */

/* Begin PBXFileReference section */
		9B0964201DE150EC0070CAC6 /* TopStoryTableViewCell.swift */ = {isa = PBXFileReference; fileEncoding = 4; lastKnownFileType = sourcecode.swift; path = TopStoryTableViewCell.swift; sourceTree = "<group>"; };
		9B0964221DE152FD0070CAC6 /* APIRequestManager.swift */ = {isa = PBXFileReference; fileEncoding = 4; lastKnownFileType = sourcecode.swift; path = APIRequestManager.swift; sourceTree = "<group>"; };
		9B1129E71DE11FDA00FD30D0 /* AC3.2-NYTTopStories.app */ = {isa = PBXFileReference; explicitFileType = wrapper.application; includeInIndex = 0; path = "AC3.2-NYTTopStories.app"; sourceTree = BUILT_PRODUCTS_DIR; };
		9B1129EA1DE11FDB00FD30D0 /* AppDelegate.swift */ = {isa = PBXFileReference; lastKnownFileType = sourcecode.swift; path = AppDelegate.swift; sourceTree = "<group>"; };
		9B1129EF1DE11FDB00FD30D0 /* Base */ = {isa = PBXFileReference; lastKnownFileType = file.storyboard; name = Base; path = Base.lproj/Main.storyboard; sourceTree = "<group>"; };
		9B1129F11DE11FDB00FD30D0 /* Assets.xcassets */ = {isa = PBXFileReference; lastKnownFileType = folder.assetcatalog; path = Assets.xcassets; sourceTree = "<group>"; };
		9B1129F41DE11FDB00FD30D0 /* Base */ = {isa = PBXFileReference; lastKnownFileType = file.storyboard; name = Base; path = Base.lproj/LaunchScreen.storyboard; sourceTree = "<group>"; };
		9B1129F61DE11FDB00FD30D0 /* Info.plist */ = {isa = PBXFileReference; lastKnownFileType = text.plist.xml; path = Info.plist; sourceTree = "<group>"; };
		9B1129FC1DE1201F00FD30D0 /* TopStoriesTableViewController.swift */ = {isa = PBXFileReference; fileEncoding = 4; lastKnownFileType = sourcecode.swift; path = TopStoriesTableViewController.swift; sourceTree = "<group>"; };
		9B1129FE1DE1222000FD30D0 /* TopStory.swift */ = {isa = PBXFileReference; fileEncoding = 4; lastKnownFileType = sourcecode.swift; path = TopStory.swift; sourceTree = "<group>"; };
/* End PBXFileReference section */

/* Begin PBXFrameworksBuildPhase section */
		9B1129E41DE11FDA00FD30D0 /* Frameworks */ = {
			isa = PBXFrameworksBuildPhase;
			buildActionMask = 2147483647;
			files = (
			);
			runOnlyForDeploymentPostprocessing = 0;
		};
/* End PBXFrameworksBuildPhase section */

/* Begin PBXGroup section */
		9B1129DE1DE11FDA00FD30D0 = {
			isa = PBXGroup;
			children = (
				9B1129E91DE11FDA00FD30D0 /* AC3.2-NYTTopStories */,
				9B1129E81DE11FDA00FD30D0 /* Products */,
			);
			sourceTree = "<group>";
		};
		9B1129E81DE11FDA00FD30D0 /* Products */ = {
			isa = PBXGroup;
			children = (
				9B1129E71DE11FDA00FD30D0 /* AC3.2-NYTTopStories.app */,
			);
			name = Products;
			sourceTree = "<group>";
		};
		9B1129E91DE11FDA00FD30D0 /* AC3.2-NYTTopStories */ = {
			isa = PBXGroup;
			children = (
				9B1129EA1DE11FDB00FD30D0 /* AppDelegate.swift */,
				9B1129FE1DE1222000FD30D0 /* TopStory.swift */,
				9B0964221DE152FD0070CAC6 /* APIRequestManager.swift */,
				9B1129FC1DE1201F00FD30D0 /* TopStoriesTableViewController.swift */,
				9B0964201DE150EC0070CAC6 /* TopStoryTableViewCell.swift */,
				9B1129EE1DE11FDB00FD30D0 /* Main.storyboard */,
				9B1129F11DE11FDB00FD30D0 /* Assets.xcassets */,
				9B1129F31DE11FDB00FD30D0 /* LaunchScreen.storyboard */,
				9B1129F61DE11FDB00FD30D0 /* Info.plist */,
			);
			path = "AC3.2-NYTTopStories";
			sourceTree = "<group>";
		};
/* End PBXGroup section */

/* Begin PBXNativeTarget section */
		9B1129E61DE11FDA00FD30D0 /* AC3.2-NYTTopStories */ = {
			isa = PBXNativeTarget;
			buildConfigurationList = 9B1129F91DE11FDB00FD30D0 /* Build configuration list for PBXNativeTarget "AC3.2-NYTTopStories" */;
			buildPhases = (
				9B1129E31DE11FDA00FD30D0 /* Sources */,
				9B1129E41DE11FDA00FD30D0 /* Frameworks */,
				9B1129E51DE11FDA00FD30D0 /* Resources */,
			);
			buildRules = (
			);
			dependencies = (
			);
			name = "AC3.2-NYTTopStories";
			productName = "AC3.2-NYTTopStories";
			productReference = 9B1129E71DE11FDA00FD30D0 /* AC3.2-NYTTopStories.app */;
			productType = "com.apple.product-type.application";
		};
/* End PBXNativeTarget section */

/* Begin PBXProject section */
		9B1129DF1DE11FDA00FD30D0 /* Project object */ = {
			isa = PBXProject;
			attributes = {
				LastSwiftUpdateCheck = 0810;
				LastUpgradeCheck = 0810;
				ORGANIZATIONNAME = "Madushani Lekam Wasam Liyanage";
				TargetAttributes = {
					9B1129E61DE11FDA00FD30D0 = {
						CreatedOnToolsVersion = 8.1;
						DevelopmentTeam = G6ZU47QNTF;
						ProvisioningStyle = Automatic;
					};
				};
			};
			buildConfigurationList = 9B1129E21DE11FDA00FD30D0 /* Build configuration list for PBXProject "AC3.2-NYTTopStories" */;
			compatibilityVersion = "Xcode 3.2";
			developmentRegion = English;
			hasScannedForEncodings = 0;
			knownRegions = (
				en,
				Base,
			);
			mainGroup = 9B1129DE1DE11FDA00FD30D0;
			productRefGroup = 9B1129E81DE11FDA00FD30D0 /* Products */;
			projectDirPath = "";
			projectRoot = "";
			targets = (
				9B1129E61DE11FDA00FD30D0 /* AC3.2-NYTTopStories */,
			);
		};
/* End PBXProject section */

/* Begin PBXResourcesBuildPhase section */
		9B1129E51DE11FDA00FD30D0 /* Resources */ = {
			isa = PBXResourcesBuildPhase;
			buildActionMask = 2147483647;
			files = (
				9B1129F51DE11FDB00FD30D0 /* LaunchScreen.storyboard in Resources */,
				9B1129F21DE11FDB00FD30D0 /* Assets.xcassets in Resources */,
				9B1129F01DE11FDB00FD30D0 /* Main.storyboard in Resources */,
			);
			runOnlyForDeploymentPostprocessing = 0;
		};
/* End PBXResourcesBuildPhase section */

/* Begin PBXSourcesBuildPhase section */
		9B1129E31DE11FDA00FD30D0 /* Sources */ = {
			isa = PBXSourcesBuildPhase;
			buildActionMask = 2147483647;
			files = (
				9B1129FF1DE1222000FD30D0 /* TopStory.swift in Sources */,
				9B0964211DE150EC0070CAC6 /* TopStoryTableViewCell.swift in Sources */,
				9B0964231DE152FD0070CAC6 /* APIRequestManager.swift in Sources */,
				9B1129EB1DE11FDB00FD30D0 /* AppDelegate.swift in Sources */,
				9B1129FD1DE1201F00FD30D0 /* TopStoriesTableViewController.swift in Sources */,
			);
			runOnlyForDeploymentPostprocessing = 0;
		};
/* End PBXSourcesBuildPhase section */

/* Begin PBXVariantGroup section */
		9B1129EE1DE11FDB00FD30D0 /* Main.storyboard */ = {
			isa = PBXVariantGroup;
			children = (
				9B1129EF1DE11FDB00FD30D0 /* Base */,
			);
			name = Main.storyboard;
			sourceTree = "<group>";
		};
		9B1129F31DE11FDB00FD30D0 /* LaunchScreen.storyboard */ = {
			isa = PBXVariantGroup;
			children = (
				9B1129F41DE11FDB00FD30D0 /* Base */,
			);
			name = LaunchScreen.storyboard;
			sourceTree = "<group>";
		};
/* End PBXVariantGroup section */

/* Begin XCBuildConfiguration section */
		9B1129F71DE11FDB00FD30D0 /* Debug */ = {
			isa = XCBuildConfiguration;
			buildSettings = {
				ALWAYS_SEARCH_USER_PATHS = NO;
				CLANG_ANALYZER_NONNULL = YES;
				CLANG_CXX_LANGUAGE_STANDARD = "gnu++0x";
				CLANG_CXX_LIBRARY = "libc++";
				CLANG_ENABLE_MODULES = YES;
				CLANG_ENABLE_OBJC_ARC = YES;
				CLANG_WARN_BOOL_CONVERSION = YES;
				CLANG_WARN_CONSTANT_CONVERSION = YES;
				CLANG_WARN_DIRECT_OBJC_ISA_USAGE = YES_ERROR;
				CLANG_WARN_DOCUMENTATION_COMMENTS = YES;
				CLANG_WARN_EMPTY_BODY = YES;
				CLANG_WARN_ENUM_CONVERSION = YES;
				CLANG_WARN_INFINITE_RECURSION = YES;
				CLANG_WARN_INT_CONVERSION = YES;
				CLANG_WARN_OBJC_ROOT_CLASS = YES_ERROR;
				CLANG_WARN_SUSPICIOUS_MOVES = YES;
				CLANG_WARN_UNREACHABLE_CODE = YES;
				CLANG_WARN__DUPLICATE_METHOD_MATCH = YES;
				"CODE_SIGN_IDENTITY[sdk=iphoneos*]" = "iPhone Developer";
				COPY_PHASE_STRIP = NO;
				DEBUG_INFORMATION_FORMAT = dwarf;
				ENABLE_STRICT_OBJC_MSGSEND = YES;
				ENABLE_TESTABILITY = YES;
				GCC_C_LANGUAGE_STANDARD = gnu99;
				GCC_DYNAMIC_NO_PIC = NO;
				GCC_NO_COMMON_BLOCKS = YES;
				GCC_OPTIMIZATION_LEVEL = 0;
				GCC_PREPROCESSOR_DEFINITIONS = (
					"DEBUG=1",
					"$(inherited)",
				);
				GCC_WARN_64_TO_32_BIT_CONVERSION = YES;
				GCC_WARN_ABOUT_RETURN_TYPE = YES_ERROR;
				GCC_WARN_UNDECLARED_SELECTOR = YES;
				GCC_WARN_UNINITIALIZED_AUTOS = YES_AGGRESSIVE;
				GCC_WARN_UNUSED_FUNCTION = YES;
				GCC_WARN_UNUSED_VARIABLE = YES;
				IPHONEOS_DEPLOYMENT_TARGET = 10.1;
				MTL_ENABLE_DEBUG_INFO = YES;
				ONLY_ACTIVE_ARCH = YES;
				SDKROOT = iphoneos;
				SWIFT_ACTIVE_COMPILATION_CONDITIONS = DEBUG;
				SWIFT_OPTIMIZATION_LEVEL = "-Onone";
				TARGETED_DEVICE_FAMILY = "1,2";
			};
			name = Debug;
		};
		9B1129F81DE11FDB00FD30D0 /* Release */ = {
			isa = XCBuildConfiguration;
			buildSettings = {
				ALWAYS_SEARCH_USER_PATHS = NO;
				CLANG_ANALYZER_NONNULL = YES;
				CLANG_CXX_LANGUAGE_STANDARD = "gnu++0x";
				CLANG_CXX_LIBRARY = "libc++";
				CLANG_ENABLE_MODULES = YES;
				CLANG_ENABLE_OBJC_ARC = YES;
				CLANG_WARN_BOOL_CONVERSION = YES;
				CLANG_WARN_CONSTANT_CONVERSION = YES;
				CLANG_WARN_DIRECT_OBJC_ISA_USAGE = YES_ERROR;
				CLANG_WARN_DOCUMENTATION_COMMENTS = YES;
				CLANG_WARN_EMPTY_BODY = YES;
				CLANG_WARN_ENUM_CONVERSION = YES;
				CLANG_WARN_INFINITE_RECURSION = YES;
				CLANG_WARN_INT_CONVERSION = YES;
				CLANG_WARN_OBJC_ROOT_CLASS = YES_ERROR;
				CLANG_WARN_SUSPICIOUS_MOVES = YES;
				CLANG_WARN_UNREACHABLE_CODE = YES;
				CLANG_WARN__DUPLICATE_METHOD_MATCH = YES;
				"CODE_SIGN_IDENTITY[sdk=iphoneos*]" = "iPhone Developer";
				COPY_PHASE_STRIP = NO;
				DEBUG_INFORMATION_FORMAT = "dwarf-with-dsym";
				ENABLE_NS_ASSERTIONS = NO;
				ENABLE_STRICT_OBJC_MSGSEND = YES;
				GCC_C_LANGUAGE_STANDARD = gnu99;
				GCC_NO_COMMON_BLOCKS = YES;
				GCC_WARN_64_TO_32_BIT_CONVERSION = YES;
				GCC_WARN_ABOUT_RETURN_TYPE = YES_ERROR;
				GCC_WARN_UNDECLARED_SELECTOR = YES;
				GCC_WARN_UNINITIALIZED_AUTOS = YES_AGGRESSIVE;
				GCC_WARN_UNUSED_FUNCTION = YES;
				GCC_WARN_UNUSED_VARIABLE = YES;
				IPHONEOS_DEPLOYMENT_TARGET = 10.1;
				MTL_ENABLE_DEBUG_INFO = NO;
				SDKROOT = iphoneos;
				SWIFT_OPTIMIZATION_LEVEL = "-Owholemodule";
				TARGETED_DEVICE_FAMILY = "1,2";
				VALIDATE_PRODUCT = YES;
			};
			name = Release;
		};
		9B1129FA1DE11FDB00FD30D0 /* Debug */ = {
			isa = XCBuildConfiguration;
			buildSettings = {
				ASSETCATALOG_COMPILER_APPICON_NAME = AppIcon;
				DEVELOPMENT_TEAM = G6ZU47QNTF;
				INFOPLIST_FILE = "AC3.2-NYTTopStories/Info.plist";
				LD_RUNPATH_SEARCH_PATHS = "$(inherited) @executable_path/Frameworks";
				PRODUCT_BUNDLE_IDENTIFIER = "nyc.c4q.madushanilekamwasamliyanage.AC3-2-NYTTopStories";
				PRODUCT_NAME = "$(TARGET_NAME)";
				SWIFT_VERSION = 3.0;
			};
			name = Debug;
		};
		9B1129FB1DE11FDB00FD30D0 /* Release */ = {
			isa = XCBuildConfiguration;
			buildSettings = {
				ASSETCATALOG_COMPILER_APPICON_NAME = AppIcon;
				DEVELOPMENT_TEAM = G6ZU47QNTF;
				INFOPLIST_FILE = "AC3.2-NYTTopStories/Info.plist";
				LD_RUNPATH_SEARCH_PATHS = "$(inherited) @executable_path/Frameworks";
				PRODUCT_BUNDLE_IDENTIFIER = "nyc.c4q.madushanilekamwasamliyanage.AC3-2-NYTTopStories";
				PRODUCT_NAME = "$(TARGET_NAME)";
				SWIFT_VERSION = 3.0;
			};
			name = Release;
		};
/* End XCBuildConfiguration section */

/* Begin XCConfigurationList section */
		9B1129E21DE11FDA00FD30D0 /* Build configuration list for PBXProject "AC3.2-NYTTopStories" */ = {
			isa = XCConfigurationList;
			buildConfigurations = (
				9B1129F71DE11FDB00FD30D0 /* Debug */,
				9B1129F81DE11FDB00FD30D0 /* Release */,
			);
			defaultConfigurationIsVisible = 0;
			defaultConfigurationName = Release;
		};
		9B1129F91DE11FDB00FD30D0 /* Build configuration list for PBXNativeTarget "AC3.2-NYTTopStories" */ = {
			isa = XCConfigurationList;
			buildConfigurations = (
				9B1129FA1DE11FDB00FD30D0 /* Debug */,
				9B1129FB1DE11FDB00FD30D0 /* Release */,
			);
			defaultConfigurationIsVisible = 0;
			defaultConfigurationName = Release;
		};
/* End XCConfigurationList section */
	};
	rootObject = 9B1129DF1DE11FDA00FD30D0 /* Project object */;
}
